
Microsoft Visual Studio Solution File, Format Version 12.00
# Visual Studio Version 17
VisualStudioVersion = 17.1.32228.430
MinimumVisualStudioVersion = 10.0.40219.1
Project("{2150E333-8FDC-42A3-9474-1A3956D46DE8}") = "Basic C Sharp", "Basic C Sharp", "{E29FD358-19FA-4659-99D1-34FD1E85C3D7}"
EndProject
Project("{2150E333-8FDC-42A3-9474-1A3956D46DE8}") = "Basic OOP", "Basic OOP", "{63642F24-467E-4F18-BCA4-B3967AC151C3}"
EndProject
Project("{2150E333-8FDC-42A3-9474-1A3956D46DE8}") = "Advanced C Sharp", "Advanced C Sharp", "{BA8E44CF-E030-476A-BBF2-05FAB7C2F65D}"
EndProject
Project("{9A19103F-16F7-4668-BE54-9A1E7A4F7556}") = "Hello World", "Hello World\Hello World.csproj", "{5AF2031B-465B-4F39-AB76-098F4BFED5CD}"
EndProject
Project("{9A19103F-16F7-4668-BE54-9A1E7A4F7556}") = "TimeDate", "ConsoleApp1\TimeDate.csproj", "{BFE8A225-7B51-44FC-8E44-9507006A0BEA}"
EndProject
Project("{9A19103F-16F7-4668-BE54-9A1E7A4F7556}") = "Inheritance", "Inheritance\Inheritance.csproj", "{BB439BC6-990C-4A1D-9460-DEFF327E0244}"
EndProject
Project("{9A19103F-16F7-4668-BE54-9A1E7A4F7556}") = "Polymorphism", "Polymorphism\Polymorphism.csproj", "{2E2101F5-4D68-491A-B19F-58CD405D2BFE}"
EndProject
Project("{FAE04EC0-301F-11D3-BF4B-00C04F79EFBC}") = "Delegate-Event", "Delegate-Event\Delegate-Event.csproj", "{94858495-308B-4CCD-8768-0C507A1FCDD5}"
EndProject
Global
	GlobalSection(SolutionConfigurationPlatforms) = preSolution
		Debug|Any CPU = Debug|Any CPU
		Release|Any CPU = Release|Any CPU
	EndGlobalSection
	GlobalSection(ProjectConfigurationPlatforms) = postSolution
		{5AF2031B-465B-4F39-AB76-098F4BFED5CD}.Debug|Any CPU.ActiveCfg = Debug|Any CPU
		{5AF2031B-465B-4F39-AB76-098F4BFED5CD}.Debug|Any CPU.Build.0 = Debug|Any CPU
		{5AF2031B-465B-4F39-AB76-098F4BFED5CD}.Release|Any CPU.ActiveCfg = Release|Any CPU
		{5AF2031B-465B-4F39-AB76-098F4BFED5CD}.Release|Any CPU.Build.0 = Release|Any CPU
		{BFE8A225-7B51-44FC-8E44-9507006A0BEA}.Debug|Any CPU.ActiveCfg = Debug|Any CPU
		{BFE8A225-7B51-44FC-8E44-9507006A0BEA}.Debug|Any CPU.Build.0 = Debug|Any CPU
		{BFE8A225-7B51-44FC-8E44-9507006A0BEA}.Release|Any CPU.ActiveCfg = Release|Any CPU
		{BFE8A225-7B51-44FC-8E44-9507006A0BEA}.Release|Any CPU.Build.0 = Release|Any CPU
		{BB439BC6-990C-4A1D-9460-DEFF327E0244}.Debug|Any CPU.ActiveCfg = Debug|Any CPU
		{BB439BC6-990C-4A1D-9460-DEFF327E0244}.Debug|Any CPU.Build.0 = Debug|Any CPU
		{BB439BC6-990C-4A1D-9460-DEFF327E0244}.Release|Any CPU.ActiveCfg = Release|Any CPU
		{BB439BC6-990C-4A1D-9460-DEFF327E0244}.Release|Any CPU.Build.0 = Release|Any CPU
		{2E2101F5-4D68-491A-B19F-58CD405D2BFE}.Debug|Any CPU.ActiveCfg = Debug|Any CPU
		{2E2101F5-4D68-491A-B19F-58CD405D2BFE}.Debug|Any CPU.Build.0 = Debug|Any CPU
		{2E2101F5-4D68-491A-B19F-58CD405D2BFE}.Release|Any CPU.ActiveCfg = Release|Any CPU
		{2E2101F5-4D68-491A-B19F-58CD405D2BFE}.Release|Any CPU.Build.0 = Release|Any CPU
		{94858495-308B-4CCD-8768-0C507A1FCDD5}.Debug|Any CPU.ActiveCfg = Debug|Any CPU
		{94858495-308B-4CCD-8768-0C507A1FCDD5}.Debug|Any CPU.Build.0 = Debug|Any CPU
		{94858495-308B-4CCD-8768-0C507A1FCDD5}.Release|Any CPU.ActiveCfg = Release|Any CPU
		{94858495-308B-4CCD-8768-0C507A1FCDD5}.Release|Any CPU.Build.0 = Release|Any CPU
	EndGlobalSection
	GlobalSection(SolutionProperties) = preSolution
		HideSolutionNode = FALSE
	EndGlobalSection
	GlobalSection(NestedProjects) = preSolution
		{5AF2031B-465B-4F39-AB76-098F4BFED5CD} = {E29FD358-19FA-4659-99D1-34FD1E85C3D7}
		{BFE8A225-7B51-44FC-8E44-9507006A0BEA} = {E29FD358-19FA-4659-99D1-34FD1E85C3D7}
		{BB439BC6-990C-4A1D-9460-DEFF327E0244} = {63642F24-467E-4F18-BCA4-B3967AC151C3}
		{2E2101F5-4D68-491A-B19F-58CD405D2BFE} = {63642F24-467E-4F18-BCA4-B3967AC151C3}
		{94858495-308B-4CCD-8768-0C507A1FCDD5} = {BA8E44CF-E030-476A-BBF2-05FAB7C2F65D}
	EndGlobalSection
	GlobalSection(ExtensibilityGlobals) = postSolution
		SolutionGuid = {413CA76F-59B9-43C4-945B-582AD7E3D151}
	EndGlobalSection
EndGlobal
